// !$*UTF8*$!
{
	archiveVersion = 1;
	classes = {
	};
	objectVersion = 50;
	objects = {

/* Begin PBXBuildFile section */
		90D24A2420CE9A9300814BE0 /* AppDelegate.swift in Sources */ = {isa = PBXBuildFile; fileRef = 90D24A2320CE9A9300814BE0 /* AppDelegate.swift */; };
		90D24A2620CE9A9300814BE0 /* ViewController.swift in Sources */ = {isa = PBXBuildFile; fileRef = 90D24A2520CE9A9300814BE0 /* ViewController.swift */; };
		90D24A2920CE9A9300814BE0 /* Main.storyboard in Resources */ = {isa = PBXBuildFile; fileRef = 90D24A2720CE9A9300814BE0 /* Main.storyboard */; };
		90D24A2B20CE9A9300814BE0 /* Assets.xcassets in Resources */ = {isa = PBXBuildFile; fileRef = 90D24A2A20CE9A9300814BE0 /* Assets.xcassets */; };
		90D24A2E20CE9A9300814BE0 /* LaunchScreen.storyboard in Resources */ = {isa = PBXBuildFile; fileRef = 90D24A2C20CE9A9300814BE0 /* LaunchScreen.storyboard */; };
		90D24A3820CE9AC000814BE0 /* cbOn.png in Resources */ = {isa = PBXBuildFile; fileRef = 90D24A3620CE9AC000814BE0 /* cbOn.png */; };
		90D24A3920CE9AC000814BE0 /* cbOff.png in Resources */ = {isa = PBXBuildFile; fileRef = 90D24A3720CE9AC000814BE0 /* cbOff.png */; };
		90D24A3B20CE9ACE00814BE0 /* MGExtensions.swift in Sources */ = {isa = PBXBuildFile; fileRef = 90D24A3A20CE9ACE00814BE0 /* MGExtensions.swift */; };
/* End PBXBuildFile section */

/* Begin PBXFileReference section */
		90D24A2020CE9A9300814BE0 /* MGExtensions.app */ = {isa = PBXFileReference; explicitFileType = wrapper.application; includeInIndex = 0; path = MGExtensions.app; sourceTree = BUILT_PRODUCTS_DIR; };
		90D24A2320CE9A9300814BE0 /* AppDelegate.swift */ = {isa = PBXFileReference; lastKnownFileType = sourcecode.swift; path = AppDelegate.swift; sourceTree = "<group>"; };
		90D24A2520CE9A9300814BE0 /* ViewController.swift */ = {isa = PBXFileReference; lastKnownFileType = sourcecode.swift; path = ViewController.swift; sourceTree = "<group>"; };
		90D24A2820CE9A9300814BE0 /* Base */ = {isa = PBXFileReference; lastKnownFileType = file.storyboard; name = Base; path = Base.lproj/Main.storyboard; sourceTree = "<group>"; };
		90D24A2A20CE9A9300814BE0 /* Assets.xcassets */ = {isa = PBXFileReference; lastKnownFileType = folder.assetcatalog; path = Assets.xcassets; sourceTree = "<group>"; };
		90D24A2D20CE9A9300814BE0 /* Base */ = {isa = PBXFileReference; lastKnownFileType = file.storyboard; name = Base; path = Base.lproj/LaunchScreen.storyboard; sourceTree = "<group>"; };
		90D24A2F20CE9A9300814BE0 /* Info.plist */ = {isa = PBXFileReference; lastKnownFileType = text.plist.xml; path = Info.plist; sourceTree = "<group>"; };
		90D24A3620CE9AC000814BE0 /* cbOn.png */ = {isa = PBXFileReference; lastKnownFileType = image.png; path = cbOn.png; sourceTree = "<group>"; };
		90D24A3720CE9AC000814BE0 /* cbOff.png */ = {isa = PBXFileReference; lastKnownFileType = image.png; path = cbOff.png; sourceTree = "<group>"; };
		90D24A3A20CE9ACE00814BE0 /* MGExtensions.swift */ = {isa = PBXFileReference; fileEncoding = 4; lastKnownFileType = sourcecode.swift; path = MGExtensions.swift; sourceTree = "<group>"; };
/* End PBXFileReference section */

/* Begin PBXFrameworksBuildPhase section */
		90D24A1D20CE9A9300814BE0 /* Frameworks */ = {
			isa = PBXFrameworksBuildPhase;
			buildActionMask = 2147483647;
			files = (
			);
			runOnlyForDeploymentPostprocessing = 0;
		};
/* End PBXFrameworksBuildPhase section */

/* Begin PBXGroup section */
		90D24A1720CE9A9300814BE0 = {
			isa = PBXGroup;
			children = (
				90D24A2220CE9A9300814BE0 /* MGExtensions */,
				90D24A2120CE9A9300814BE0 /* Products */,
			);
			sourceTree = "<group>";
		};
		90D24A2120CE9A9300814BE0 /* Products */ = {
			isa = PBXGroup;
			children = (
				90D24A2020CE9A9300814BE0 /* MGExtensions.app */,
			);
			name = Products;
			sourceTree = "<group>";
		};
		90D24A2220CE9A9300814BE0 /* MGExtensions */ = {
			isa = PBXGroup;
			children = (
				90D24A3A20CE9ACE00814BE0 /* MGExtensions.swift */,
				90D24A3520CE9AC000814BE0 /* Images */,
				90D24A2320CE9A9300814BE0 /* AppDelegate.swift */,
				90D24A2520CE9A9300814BE0 /* ViewController.swift */,
				90D24A2720CE9A9300814BE0 /* Main.storyboard */,
				90D24A2A20CE9A9300814BE0 /* Assets.xcassets */,
				90D24A2C20CE9A9300814BE0 /* LaunchScreen.storyboard */,
				90D24A2F20CE9A9300814BE0 /* Info.plist */,
			);
			path = MGExtensions;
			sourceTree = "<group>";
		};
		90D24A3520CE9AC000814BE0 /* Images */ = {
			isa = PBXGroup;
			children = (
				90D24A3620CE9AC000814BE0 /* cbOn.png */,
				90D24A3720CE9AC000814BE0 /* cbOff.png */,
			);
			path = Images;
			sourceTree = "<group>";
		};
/* End PBXGroup section */

/* Begin PBXNativeTarget section */
		90D24A1F20CE9A9300814BE0 /* MGExtensions */ = {
			isa = PBXNativeTarget;
			buildConfigurationList = 90D24A3220CE9A9300814BE0 /* Build configuration list for PBXNativeTarget "MGExtensions" */;
			buildPhases = (
				90D24A1C20CE9A9300814BE0 /* Sources */,
				90D24A1D20CE9A9300814BE0 /* Frameworks */,
				90D24A1E20CE9A9300814BE0 /* Resources */,
			);
			buildRules = (
			);
			dependencies = (
			);
			name = MGExtensions;
			productName = MGExtensions;
			productReference = 90D24A2020CE9A9300814BE0 /* MGExtensions.app */;
			productType = "com.apple.product-type.application";
		};
/* End PBXNativeTarget section */

/* Begin PBXProject section */
		90D24A1820CE9A9300814BE0 /* Project object */ = {
			isa = PBXProject;
			attributes = {
				LastSwiftUpdateCheck = 0940;
				LastUpgradeCheck = 0940;
				ORGANIZATIONNAME = "Marco Guerrieri";
				TargetAttributes = {
					90D24A1F20CE9A9300814BE0 = {
						CreatedOnToolsVersion = 9.4;
					};
				};
			};
			buildConfigurationList = 90D24A1B20CE9A9300814BE0 /* Build configuration list for PBXProject "MGExtensions" */;
			compatibilityVersion = "Xcode 9.3";
			developmentRegion = en;
			hasScannedForEncodings = 0;
			knownRegions = (
				en,
				Base,
			);
			mainGroup = 90D24A1720CE9A9300814BE0;
			productRefGroup = 90D24A2120CE9A9300814BE0 /* Products */;
			projectDirPath = "";
			projectRoot = "";
			targets = (
				90D24A1F20CE9A9300814BE0 /* MGExtensions */,
			);
		};
/* End PBXProject section */

/* Begin PBXResourcesBuildPhase section */
		90D24A1E20CE9A9300814BE0 /* Resources */ = {
			isa = PBXResourcesBuildPhase;
			buildActionMask = 2147483647;
			files = (
				90D24A2E20CE9A9300814BE0 /* LaunchScreen.storyboard in Resources */,
				90D24A3820CE9AC000814BE0 /* cbOn.png in Resources */,
				90D24A3920CE9AC000814BE0 /* cbOff.png in Resources */,
				90D24A2B20CE9A9300814BE0 /* Assets.xcassets in Resources */,
				90D24A2920CE9A9300814BE0 /* Main.storyboard in Resources */,
			);
			runOnlyForDeploymentPostprocessing = 0;
		};
/* End PBXResourcesBuildPhase section */

/* Begin PBXSourcesBuildPhase section */
		90D24A1C20CE9A9300814BE0 /* Sources */ = {
			isa = PBXSourcesBuildPhase;
			buildActionMask = 2147483647;
			files = (
				90D24A2620CE9A9300814BE0 /* ViewController.swift in Sources */,
				90D24A2420CE9A9300814BE0 /* AppDelegate.swift in Sources */,
				90D24A3B20CE9ACE00814BE0 /* MGExtensions.swift in Sources */,
			);
			runOnlyForDeploymentPostprocessing = 0;
		};
/* End PBXSourcesBuildPhase section */

/* Begin PBXVariantGroup section */
		90D24A2720CE9A9300814BE0 /* Main.storyboard */ = {
			isa = PBXVariantGroup;
			children = (
				90D24A2820CE9A9300814BE0 /* Base */,
			);
			name = Main.storyboard;
			sourceTree = "<group>";
		};
		90D24A2C20CE9A9300814BE0 /* LaunchScreen.storyboard */ = {
			isa = PBXVariantGroup;
			children = (
				90D24A2D20CE9A9300814BE0 /* Base */,
			);
			name = LaunchScreen.storyboard;
			sourceTree = "<group>";
		};
/* End PBXVariantGroup section */

/* Begin XCBuildConfiguration section */
		90D24A3020CE9A9300814BE0 /* Debug */ = {
			isa = XCBuildConfiguration;
			buildSettings = {
				ALWAYS_SEARCH_USER_PATHS = NO;
				CLANG_ANALYZER_NONNULL = YES;
				CLANG_ANALYZER_NUMBER_OBJECT_CONVERSION = YES_AGGRESSIVE;
				CLANG_CXX_LANGUAGE_STANDARD = "gnu++14";
				CLANG_CXX_LIBRARY = "libc++";
				CLANG_ENABLE_MODULES = YES;
				CLANG_ENABLE_OBJC_ARC = YES;
				CLANG_ENABLE_OBJC_WEAK = YES;
				CLANG_WARN_BLOCK_CAPTURE_AUTORELEASING = YES;
				CLANG_WARN_BOOL_CONVERSION = YES;
				CLANG_WARN_COMMA = YES;
				CLANG_WARN_CONSTANT_CONVERSION = YES;
				CLANG_WARN_DEPRECATED_OBJC_IMPLEMENTATIONS = YES;
				CLANG_WARN_DIRECT_OBJC_ISA_USAGE = YES_ERROR;
				CLANG_WARN_DOCUMENTATION_COMMENTS = YES;
				CLANG_WARN_EMPTY_BODY = YES;
				CLANG_WARN_ENUM_CONVERSION = YES;
				CLANG_WARN_INFINITE_RECURSION = YES;
				CLANG_WARN_INT_CONVERSION = YES;
				CLANG_WARN_NON_LITERAL_NULL_CONVERSION = YES;
				CLANG_WARN_OBJC_IMPLICIT_RETAIN_SELF = YES;
				CLANG_WARN_OBJC_LITERAL_CONVERSION = YES;
				CLANG_WARN_OBJC_ROOT_CLASS = YES_ERROR;
				CLANG_WARN_RANGE_LOOP_ANALYSIS = YES;
				CLANG_WARN_STRICT_PROTOTYPES = YES;
				CLANG_WARN_SUSPICIOUS_MOVE = YES;
				CLANG_WARN_UNGUARDED_AVAILABILITY = YES_AGGRESSIVE;
				CLANG_WARN_UNREACHABLE_CODE = YES;
				CLANG_WARN__DUPLICATE_METHOD_MATCH = YES;
				CODE_SIGN_IDENTITY = "iPhone Developer";
				COPY_PHASE_STRIP = NO;
				DEBUG_INFORMATION_FORMAT = dwarf;
				ENABLE_STRICT_OBJC_MSGSEND = YES;
				ENABLE_TESTABILITY = YES;
				GCC_C_LANGUAGE_STANDARD = gnu11;
				GCC_DYNAMIC_NO_PIC = NO;
				GCC_NO_COMMON_BLOCKS = YES;
				GCC_OPTIMIZATION_LEVEL = 0;
				GCC_PREPROCESSOR_DEFINITIONS = (
					"DEBUG=1",
					"$(inherited)",
				);
				GCC_WARN_64_TO_32_BIT_CONVERSION = YES;
				GCC_WARN_ABOUT_RETURN_TYPE = YES_ERROR;
				GCC_WARN_UNDECLARED_SELECTOR = YES;
				GCC_WARN_UNINITIALIZED_AUTOS = YES_AGGRESSIVE;
				GCC_WARN_UNUSED_FUNCTION = YES;
				GCC_WARN_UNUSED_VARIABLE = YES;
				IPHONEOS_DEPLOYMENT_TARGET = 11.4;
				MTL_ENABLE_DEBUG_INFO = YES;
				ONLY_ACTIVE_ARCH = YES;
				SDKROOT = iphoneos;
				SWIFT_ACTIVE_COMPILATION_CONDITIONS = DEBUG;
				SWIFT_OPTIMIZATION_LEVEL = "-Onone";
			};
			name = Debug;
		};
		90D24A3120CE9A9300814BE0 /* Release */ = {
			isa = XCBuildConfiguration;
			buildSettings = {
				ALWAYS_SEARCH_USER_PATHS = NO;
				CLANG_ANALYZER_NONNULL = YES;
				CLANG_ANALYZER_NUMBER_OBJECT_CONVERSION = YES_AGGRESSIVE;
				CLANG_CXX_LANGUAGE_STANDARD = "gnu++14";
				CLANG_CXX_LIBRARY = "libc++";
				CLANG_ENABLE_MODULES = YES;
				CLANG_ENABLE_OBJC_ARC = YES;
				CLANG_ENABLE_OBJC_WEAK = YES;
				CLANG_WARN_BLOCK_CAPTURE_AUTORELEASING = YES;
				CLANG_WARN_BOOL_CONVERSION = YES;
				CLANG_WARN_COMMA = YES;
				CLANG_WARN_CONSTANT_CONVERSION = YES;
				CLANG_WARN_DEPRECATED_OBJC_IMPLEMENTATIONS = YES;
				CLANG_WARN_DIRECT_OBJC_ISA_USAGE = YES_ERROR;
				CLANG_WARN_DOCUMENTATION_COMMENTS = YES;
				CLANG_WARN_EMPTY_BODY = YES;
				CLANG_WARN_ENUM_CONVERSION = YES;
				CLANG_WARN_INFINITE_RECURSION = YES;
				CLANG_WARN_INT_CONVERSION = YES;
				CLANG_WARN_NON_LITERAL_NULL_CONVERSION = YES;
				CLANG_WARN_OBJC_IMPLICIT_RETAIN_SELF = YES;
				CLANG_WARN_OBJC_LITERAL_CONVERSION = YES;
				CLANG_WARN_OBJC_ROOT_CLASS = YES_ERROR;
				CLANG_WARN_RANGE_LOOP_ANALYSIS = YES;
				CLANG_WARN_STRICT_PROTOTYPES = YES;
				CLANG_WARN_SUSPICIOUS_MOVE = YES;
				CLANG_WARN_UNGUARDED_AVAILABILITY = YES_AGGRESSIVE;
				CLANG_WARN_UNREACHABLE_CODE = YES;
				CLANG_WARN__DUPLICATE_METHOD_MATCH = YES;
				CODE_SIGN_IDENTITY = "iPhone Developer";
				COPY_PHASE_STRIP = NO;
				DEBUG_INFORMATION_FORMAT = "dwarf-with-dsym";
				ENABLE_NS_ASSERTIONS = NO;
				ENABLE_STRICT_OBJC_MSGSEND = YES;
				GCC_C_LANGUAGE_STANDARD = gnu11;
				GCC_NO_COMMON_BLOCKS = YES;
				GCC_WARN_64_TO_32_BIT_CONVERSION = YES;
				GCC_WARN_ABOUT_RETURN_TYPE = YES_ERROR;
				GCC_WARN_UNDECLARED_SELECTOR = YES;
				GCC_WARN_UNINITIALIZED_AUTOS = YES_AGGRESSIVE;
				GCC_WARN_UNUSED_FUNCTION = YES;
				GCC_WARN_UNUSED_VARIABLE = YES;
				IPHONEOS_DEPLOYMENT_TARGET = 11.4;
				MTL_ENABLE_DEBUG_INFO = NO;
				SDKROOT = iphoneos;
				SWIFT_COMPILATION_MODE = wholemodule;
				SWIFT_OPTIMIZATION_LEVEL = "-O";
				VALIDATE_PRODUCT = YES;
			};
			name = Release;
		};
		90D24A3320CE9A9300814BE0 /* Debug */ = {
			isa = XCBuildConfiguration;
			buildSettings = {
				ASSETCATALOG_COMPILER_APPICON_NAME = AppIcon;
				CODE_SIGN_STYLE = Automatic;
				DEVELOPMENT_TEAM = 29R6UT4TC7;
				INFOPLIST_FILE = MGExtensions/Info.plist;
				LD_RUNPATH_SEARCH_PATHS = (
					"$(inherited)",
					"@executable_path/Frameworks",
				);
				PRODUCT_BUNDLE_IDENTIFIER = it.mg.MGExtensions;
				PRODUCT_NAME = "$(TARGET_NAME)";
				SWIFT_VERSION = 4.0;
				TARGETED_DEVICE_FAMILY = "1,2";
			};
			name = Debug;
		};
		90D24A3420CE9A9300814BE0 /* Release */ = {
			isa = XCBuildConfiguration;
			buildSettings = {
				ASSETCATALOG_COMPILER_APPICON_NAME = AppIcon;
				CODE_SIGN_STYLE = Automatic;
				DEVELOPMENT_TEAM = 29R6UT4TC7;
				INFOPLIST_FILE = MGExtensions/Info.plist;
				LD_RUNPATH_SEARCH_PATHS = (
					"$(inherited)",
					"@executable_path/Frameworks",
				);
				PRODUCT_BUNDLE_IDENTIFIER = it.mg.MGExtensions;
				PRODUCT_NAME = "$(TARGET_NAME)";
				SWIFT_VERSION = 4.0;
				TARGETED_DEVICE_FAMILY = "1,2";
			};
			name = Release;
		};
/* End XCBuildConfiguration section */

/* Begin XCConfigurationList section */
		90D24A1B20CE9A9300814BE0 /* Build configuration list for PBXProject "MGExtensions" */ = {
			isa = XCConfigurationList;
			buildConfigurations = (
				90D24A3020CE9A9300814BE0 /* Debug */,
				90D24A3120CE9A9300814BE0 /* Release */,
			);
			defaultConfigurationIsVisible = 0;
			defaultConfigurationName = Release;
		};
		90D24A3220CE9A9300814BE0 /* Build configuration list for PBXNativeTarget "MGExtensions" */ = {
			isa = XCConfigurationList;
			buildConfigurations = (
				90D24A3320CE9A9300814BE0 /* Debug */,
				90D24A3420CE9A9300814BE0 /* Release */,
			);
			defaultConfigurationIsVisible = 0;
			defaultConfigurationName = Release;
		};
/* End XCConfigurationList section */
	};
	rootObject = 90D24A1820CE9A9300814BE0 /* Project object */;
}
